
Microsoft Visual Studio Solution File, Format Version 12.00
# Visual Studio Version 16
VisualStudioVersion = 16.0.33423.256
MinimumVisualStudioVersion = 10.0.40219.1
Project("{8BC9CEB8-8B4A-11D0-8D11-00A0C91BC942}") = "MathLibrary", "MathLibrary\MathLibrary.vcxproj", "{7F3C2598-62A3-474A-A94B-B29FA6C01D1A}"
EndProject
Global
	GlobalSection(SolutionConfigurationPlatforms) = preSolution
		Debug|x64 = Debug|x64
		Debug|x86 = Debug|x86
		Release|x64 = Release|x64
		Release|x86 = Release|x86
	EndGlobalSection
	GlobalSection(ProjectConfigurationPlatforms) = postSolution
		{7F3C2598-62A3-474A-A94B-B29FA6C01D1A}.Debug|x64.ActiveCfg = Debug|x64
		{7F3C2598-62A3-474A-A94B-B29FA6C01D1A}.Debug|x64.Build.0 = Debug|x64
		{7F3C2598-62A3-474A-A94B-B29FA6C01D1A}.Debug|x86.ActiveCfg = Debug|Win32
		{7F3C2598-62A3-474A-A94B-B29FA6C01D1A}.Debug|x86.Build.0 = Debug|Win32
		{7F3C2598-62A3-474A-A94B-B29FA6C01D1A}.Release|x64.ActiveCfg = Release|x64
		{7F3C2598-62A3-474A-A94B-B29FA6C01D1A}.Release|x64.Build.0 = Release|x64
		{7F3C2598-62A3-474A-A94B-B29FA6C01D1A}.Release|x86.ActiveCfg = Release|Win32
		{7F3C2598-62A3-474A-A94B-B29FA6C01D1A}.Release|x86.Build.0 = Release|Win32
	EndGlobalSection
	GlobalSection(SolutionProperties) = preSolution
		HideSolutionNode = FALSE
	EndGlobalSection
	GlobalSection(ExtensibilityGlobals) = postSolution
		SolutionGuid = {85B52CA2-AE28-43A0-8362-E4673C18C60F}
	EndGlobalSection
EndGlobal
